{
  "name": "TermProject",
  "lockfileVersion": 3,
  "requires": true,
  "packages": {
    "": {
      "dependencies": {
        "pytest-flask": "^0.0.1"
      }
    },
    "node_modules/pytest-flask": {
      "version": "0.0.1",
      "resolved": "https://registry.npmjs.org/pytest-flask/-/pytest-flask-0.0.1.tgz",
      "integrity": "sha512-0ibac8I96reZvRnPcG6/PlpRR5ildQD7MNf3ICIWfg6eoVEYE3V0VHDOtbAx4+qCY1af4Jd6a2RJ4Eu5JLynUQ==",
      "license": "ISC"
    }
  }
}
